lockfileVersion: 5.4

specifiers:
  '@swc/cli': ^0.1.57
  '@swc/core': ^1.2.208
  '@swc/helpers': ^0.4.3
  react: ^18.2.0

dependencies:
  react: registry.npmmirror.com/react/18.2.0

devDependencies:
  '@swc/cli': registry.npmmirror.com/@swc/cli/0.1.57_@swc+core@1.2.208
  '@swc/core': registry.npmmirror.com/@swc/core/1.2.208
  '@swc/helpers': registry.npmmirror.com/@swc/helpers/0.4.3

packages:

  registry.npmmirror.com/@nodelib/fs.scandir/2.1.5:
    resolution: {integrity: sha512-vq24Bq3ym5HEQm2NKCr3yXDwjc7vTsEThRDnkp2DK9p1uqLR+DHurm/NOTo0KG7HYHU7eppKZj3MyqYuMBf62g==, registry: https://registry.npm.taobao.org/, tarball: https://registry.npmmirror.com/@nodelib/fs.scandir/-/fs.scandir-2.1.5.tgz}
    name: '@nodelib/fs.scandir'
    version: 2.1.5
    engines: {node: '>= 8'}
    dependencies:
      '@nodelib/fs.stat': registry.npmmirror.com/@nodelib/fs.stat/2.0.5
      run-parallel: registry.npmmirror.com/run-parallel/1.2.0
    dev: true

  registry.npmmirror.com/@nodelib/fs.stat/2.0.5:
    resolution: {integrity: sha512-RkhPPp2zrqDAQA/2jNhnztcPAlv64XdhIp7a7454A5ovI7Bukxgt7MX7udwAu3zg1DcpPU0rz3VV1SeaqvY4+A==, registry: https://registry.npm.taobao.org/, tarball: https://registry.npmmirror.com/@nodelib/fs.stat/-/fs.stat-2.0.5.tgz}
    name: '@nodelib/fs.stat'
    version: 2.0.5
    engines: {node: '>= 8'}
    dev: true

  registry.npmmirror.com/@nodelib/fs.walk/1.2.8:
    resolution: {integrity: sha512-oGB+UxlgWcgQkgwo8GcEGwemoTFt3FIO9ababBmaGwXIoBKZ+GTy0pP185beGg7Llih/NSHSV2XAs1lnznocSg==, registry: https://registry.npm.taobao.org/, tarball: https://registry.npmmirror.com/@nodelib/fs.walk/-/fs.walk-1.2.8.tgz}
    name: '@nodelib/fs.walk'
    version: 1.2.8
    engines: {node: '>= 8'}
    dependencies:
      '@nodelib/fs.scandir': registry.npmmirror.com/@nodelib/fs.scandir/2.1.5
      fastq: registry.npmmirror.com/fastq/1.13.0
    dev: true

  registry.npmmirror.com/@swc/cli/0.1.57_@swc+core@1.2.208:
    resolution: {integrity: sha512-HxM8TqYHhAg+zp7+RdTU69bnkl4MWdt1ygyp6BDIPjTiaJVH6Dizn2ezbgDS8mnFZI1FyhKvxU/bbaUs8XhzQg==, registry: https://registry.npm.taobao.org/, tarball: https://registry.npmmirror.com/@swc/cli/-/cli-0.1.57.tgz}
    id: registry.npmmirror.com/@swc/cli/0.1.57
    name: '@swc/cli'
    version: 0.1.57
    engines: {node: '>= 12.13'}
    hasBin: true
    peerDependencies:
      '@swc/core': ^1.2.66
      chokidar: ^3.5.1
    peerDependenciesMeta:
      chokidar:
        optional: true
    dependencies:
      '@swc/core': registry.npmmirror.com/@swc/core/1.2.208
      commander: registry.npmmirror.com/commander/7.2.0
      fast-glob: registry.npmmirror.com/fast-glob/3.2.11
      slash: registry.npmmirror.com/slash/3.0.0
      source-map: registry.npmmirror.com/source-map/0.7.4
    dev: true

  registry.npmmirror.com/@swc/core-android-arm-eabi/1.2.208:
    resolution: {integrity: sha512-Cspm5VrwblJSwvcug0yEtNGQ6qG+LsuzTxJM+VHa8raNisyObPjA8J+SuiKv3sRb85rdjC7n1wSIQW0Sz2g3Dg==, registry: https://registry.npm.taobao.org/, tarball: https://registry.npmmirror.com/@swc/core-android-arm-eabi/-/core-android-arm-eabi-1.2.208.tgz}
    name: '@swc/core-android-arm-eabi'
    version: 1.2.208
    engines: {node: '>=10'}
    cpu: [arm]
    os: [android]
    requiresBuild: true
    dev: true
    optional: true

  registry.npmmirror.com/@swc/core-android-arm64/1.2.208:
    resolution: {integrity: sha512-gUQv1xSzHaaQ2/9+R8rcmVLWl7K0iM+r7Fbcs0z/BY8FzllXAEIC+AR/DyyYpEdsbUS3ZRWQmdMyC9Aj0xjRgA==, registry: https://registry.npm.taobao.org/, tarball: https://registry.npmmirror.com/@swc/core-android-arm64/-/core-android-arm64-1.2.208.tgz}
    name: '@swc/core-android-arm64'
    version: 1.2.208
    engines: {node: '>=10'}
    cpu: [arm64]
    os: [android]
    requiresBuild: true
    dev: true
    optional: true

  registry.npmmirror.com/@swc/core-darwin-arm64/1.2.208:
    resolution: {integrity: sha512-xqILWXEQMvhoC/jH7/wnXAhLqTaH1oTDP/E3DVNLRzbLgACmUIo724Y3LKmBDzATVXupOHve8nNdNicAD9Q70Q==, registry: https://registry.npm.taobao.org/, tarball: https://registry.npmmirror.com/@swc/core-darwin-arm64/-/core-darwin-arm64-1.2.208.tgz}
    name: '@swc/core-darwin-arm64'
    version: 1.2.208
    engines: {node: '>=10'}
    cpu: [arm64]
    os: [darwin]
    requiresBuild: true
    dev: true
    optional: true

  registry.npmmirror.com/@swc/core-darwin-x64/1.2.208:
    resolution: {integrity: sha512-o5FIXAFyeFKKCCk1o209DPRxUFUYAw1qSCN4jnY2o35iDL0gZosDrAnx71y1h4krPNUcOdcSHucwACH44+s18g==, registry: https://registry.npm.taobao.org/, tarball: https://registry.npmmirror.com/@swc/core-darwin-x64/-/core-darwin-x64-1.2.208.tgz}
    name: '@swc/core-darwin-x64'
    version: 1.2.208
    engines: {node: '>=10'}
    cpu: [x64]
    os: [darwin]
    requiresBuild: true
    dev: true
    optional: true

  registry.npmmirror.com/@swc/core-freebsd-x64/1.2.208:
    resolution: {integrity: sha512-j0IbNUZClbQy/SoKE3Tc+iLLwKSqogdp58wGNJjTccecug9EMmeG3fMqWdNbH8sDdmf63ZjT/zfQMnEmAr0dAw==, registry: https://registry.npm.taobao.org/, tarball: https://registry.npmmirror.com/@swc/core-freebsd-x64/-/core-freebsd-x64-1.2.208.tgz}
    name: '@swc/core-freebsd-x64'
    version: 1.2.208
    engines: {node: '>=10'}
    cpu: [x64]
    os: [freebsd]
    requiresBuild: true
    dev: true
    optional: true

  registry.npmmirror.com/@swc/core-linux-arm-gnueabihf/1.2.208:
    resolution: {integrity: sha512-oqesiqB1lw9S50REMirVuhfLUL0Ub0TzJHMooNvPtrcwnXa0CDDdA60KfaaA8Mxiybly32TiXekW4fLxsNi04A==, registry: https://registry.npm.taobao.org/, tarball: https://registry.npmmirror.com/@swc/core-linux-arm-gnueabihf/-/core-linux-arm-gnueabihf-1.2.208.tgz}
    name: '@swc/core-linux-arm-gnueabihf'
    version: 1.2.208
    engines: {node: '>=10'}
    cpu: [arm]
    os: [linux]
    requiresBuild: true
    dev: true
    optional: true

  registry.npmmirror.com/@swc/core-linux-arm64-gnu/1.2.208:
    resolution: {integrity: sha512-Es0POIkuk7ite0syUUvO/xmh7E9zEKwdK1NhGiGu1nR4LwRTbUr7x0aaC+u3djZUJvZUa+4MK0NoayUbO7V+zQ==, registry: https://registry.npm.taobao.org/, tarball: https://registry.npmmirror.com/@swc/core-linux-arm64-gnu/-/core-linux-arm64-gnu-1.2.208.tgz}
    name: '@swc/core-linux-arm64-gnu'
    version: 1.2.208
    engines: {node: '>=10'}
    cpu: [arm64]
    os: [linux]
    requiresBuild: true
    dev: true
    optional: true

  registry.npmmirror.com/@swc/core-linux-arm64-musl/1.2.208:
    resolution: {integrity: sha512-5Mel0Hw+95tVBC5Zx9A2FU8eBfcbbjOAQ3FsrdMbOeuhQYzV9CqNNQkktoEUfjnHlHF3HPShN8PBE20+ycf4HA==, registry: https://registry.npm.taobao.org/, tarball: https://registry.npmmirror.com/@swc/core-linux-arm64-musl/-/core-linux-arm64-musl-1.2.208.tgz}
    name: '@swc/core-linux-arm64-musl'
    version: 1.2.208
    engines: {node: '>=10'}
    cpu: [arm64]
    os: [linux]
    requiresBuild: true
    dev: true
    optional: true

  registry.npmmirror.com/@swc/core-linux-x64-gnu/1.2.208:
    resolution: {integrity: sha512-j5GvAUf8hwHWKdmkF80HGSSzBzENmuWFG/OBle+0fwqO9NStUGWAoGYwBPiTlJ8aCBjbVGXlCVstHx8OHx+1pw==, registry: https://registry.npm.taobao.org/, tarball: https://registry.npmmirror.com/@swc/core-linux-x64-gnu/-/core-linux-x64-gnu-1.2.208.tgz}
    name: '@swc/core-linux-x64-gnu'
    version: 1.2.208
    engines: {node: '>=10'}
    cpu: [x64]
    os: [linux]
    requiresBuild: true
    dev: true
    optional: true

  registry.npmmirror.com/@swc/core-linux-x64-musl/1.2.208:
    resolution: {integrity: sha512-A+kGJDB3qQ1jaME7YiIH3yWOOx2Pjo8g+63TYsuaDJhA1MzQzg1KBCk5/gGEw5YFGgMqQbU0dp2emORu9UwRHw==, registry: https://registry.npm.taobao.org/, tarball: https://registry.npmmirror.com/@swc/core-linux-x64-musl/-/core-linux-x64-musl-1.2.208.tgz}
    name: '@swc/core-linux-x64-musl'
    version: 1.2.208
    engines: {node: '>=10'}
    cpu: [x64]
    os: [linux]
    requiresBuild: true
    dev: true
    optional: true

  registry.npmmirror.com/@swc/core-win32-arm64-msvc/1.2.208:
    resolution: {integrity: sha512-yTUC9QIAHecyBlT7HcoISM+L4vFkP+Y6+LpW4kW1VJmJWm2EEsaFXJdaH2LF6HVbPp+dgvsWK2+EqYephfUT1Q==, registry: https://registry.npm.taobao.org/, tarball: https://registry.npmmirror.com/@swc/core-win32-arm64-msvc/-/core-win32-arm64-msvc-1.2.208.tgz}
    name: '@swc/core-win32-arm64-msvc'
    version: 1.2.208
    engines: {node: '>=10'}
    cpu: [arm64]
    os: [win32]
    requiresBuild: true
    dev: true
    optional: true

  registry.npmmirror.com/@swc/core-win32-ia32-msvc/1.2.208:
    resolution: {integrity: sha512-A1h9ZLSCI7ixBxkvEf8Brxg5WdnBKPFsolacGnulGsqWHRez7UVtI2Q2NhgYMZdoPUIqEMVGE5d0M+MPCo5RRg==, registry: https://registry.npm.taobao.org/, tarball: https://registry.npmmirror.com/@swc/core-win32-ia32-msvc/-/core-win32-ia32-msvc-1.2.208.tgz}
    name: '@swc/core-win32-ia32-msvc'
    version: 1.2.208
    engines: {node: '>=10'}
    cpu: [ia32]
    os: [win32]
    requiresBuild: true
    dev: true
    optional: true

  registry.npmmirror.com/@swc/core-win32-x64-msvc/1.2.208:
    resolution: {integrity: sha512-CkESi36HJSkqicrDQzgSWLOx9oTaVDrD8FnplP8PgpySUgoesyGg3uZt+2moaBTyUjxG6L4OuMTkwa0vsbiFrw==, registry: https://registry.npm.taobao.org/, tarball: https://registry.npmmirror.com/@swc/core-win32-x64-msvc/-/core-win32-x64-msvc-1.2.208.tgz}
    name: '@swc/core-win32-x64-msvc'
    version: 1.2.208
    engines: {node: '>=10'}
    cpu: [x64]
    os: [win32]
    requiresBuild: true
    dev: true
    optional: true

  registry.npmmirror.com/@swc/core/1.2.208:
    resolution: {integrity: sha512-DzGQmQsWsmVlFppH2Xtu9ispT+b0W5YaXD1sqr4694zIjRMe5suAIMXRT0BiHlLXgWTSNDMUceOM/i4YXlWEhQ==, registry: https://registry.npm.taobao.org/, tarball: https://registry.npmmirror.com/@swc/core/-/core-1.2.208.tgz}
    name: '@swc/core'
    version: 1.2.208
    engines: {node: '>=10'}
    hasBin: true
    optionalDependencies:
      '@swc/core-android-arm-eabi': registry.npmmirror.com/@swc/core-android-arm-eabi/1.2.208
      '@swc/core-android-arm64': registry.npmmirror.com/@swc/core-android-arm64/1.2.208
      '@swc/core-darwin-arm64': registry.npmmirror.com/@swc/core-darwin-arm64/1.2.208
      '@swc/core-darwin-x64': registry.npmmirror.com/@swc/core-darwin-x64/1.2.208
      '@swc/core-freebsd-x64': registry.npmmirror.com/@swc/core-freebsd-x64/1.2.208
      '@swc/core-linux-arm-gnueabihf': registry.npmmirror.com/@swc/core-linux-arm-gnueabihf/1.2.208
      '@swc/core-linux-arm64-gnu': registry.npmmirror.com/@swc/core-linux-arm64-gnu/1.2.208
      '@swc/core-linux-arm64-musl': registry.npmmirror.com/@swc/core-linux-arm64-musl/1.2.208
      '@swc/core-linux-x64-gnu': registry.npmmirror.com/@swc/core-linux-x64-gnu/1.2.208
      '@swc/core-linux-x64-musl': registry.npmmirror.com/@swc/core-linux-x64-musl/1.2.208
      '@swc/core-win32-arm64-msvc': registry.npmmirror.com/@swc/core-win32-arm64-msvc/1.2.208
      '@swc/core-win32-ia32-msvc': registry.npmmirror.com/@swc/core-win32-ia32-msvc/1.2.208
      '@swc/core-win32-x64-msvc': registry.npmmirror.com/@swc/core-win32-x64-msvc/1.2.208
    dev: true

  registry.npmmirror.com/@swc/helpers/0.4.3:
    resolution: {integrity: sha512-6JrF+fdUK2zbGpJIlN7G3v966PQjyx/dPt1T9km2wj+EUBqgrxCk3uX4Kct16MIm9gGxfKRcfax2hVf5jvlTzA==, registry: https://registry.npm.taobao.org/, tarball: https://registry.npmmirror.com/@swc/helpers/-/helpers-0.4.3.tgz}
    name: '@swc/helpers'
    version: 0.4.3
    dependencies:
      tslib: registry.npmmirror.com/tslib/2.4.0
    dev: true

  registry.npmmirror.com/braces/3.0.2:
    resolution: {integrity: sha512-b8um+L1RzM3WDSzvhm6gIz1yfTbBt6YTlcEKAvsmqCZZFw46z626lVj9j1yEPW33H5H+lBQpZMP1k8l+78Ha0A==, registry: https://registry.npm.taobao.org/, tarball: https://registry.npmmirror.com/braces/-/braces-3.0.2.tgz}
    name: braces
    version: 3.0.2
    engines: {node: '>=8'}
    dependencies:
      fill-range: registry.npmmirror.com/fill-range/7.0.1
    dev: true

  registry.npmmirror.com/commander/7.2.0:
    resolution: {integrity: sha512-QrWXB+ZQSVPmIWIhtEO9H+gwHaMGYiF5ChvoJ+K9ZGHG/sVsa6yiesAD1GC/x46sET00Xlwo1u49RVVVzvcSkw==, registry: https://registry.npm.taobao.org/, tarball: https://registry.npmmirror.com/commander/-/commander-7.2.0.tgz}
    name: commander
    version: 7.2.0
    engines: {node: '>= 10'}
    dev: true

  registry.npmmirror.com/fast-glob/3.2.11:
    resolution: {integrity: sha512-xrO3+1bxSo3ZVHAnqzyuewYT6aMFHRAd4Kcs92MAonjwQZLsK9d0SF1IyQ3k5PoirxTW0Oe/RqFgMQ6TcNE5Ew==, registry: https://registry.npm.taobao.org/, tarball: https://registry.npmmirror.com/fast-glob/-/fast-glob-3.2.11.tgz}
    name: fast-glob
    version: 3.2.11
    engines: {node: '>=8.6.0'}
    dependencies:
      '@nodelib/fs.stat': registry.npmmirror.com/@nodelib/fs.stat/2.0.5
      '@nodelib/fs.walk': registry.npmmirror.com/@nodelib/fs.walk/1.2.8
      glob-parent: registry.npmmirror.com/glob-parent/5.1.2
      merge2: registry.npmmirror.com/merge2/1.4.1
      micromatch: registry.npmmirror.com/micromatch/4.0.5
    dev: true

  registry.npmmirror.com/fastq/1.13.0:
    resolution: {integrity: sha512-YpkpUnK8od0o1hmeSc7UUs/eB/vIPWJYjKck2QKIzAf71Vm1AAQ3EbuZB3g2JIy+pg+ERD0vqI79KyZiB2e2Nw==, registry: https://registry.npm.taobao.org/, tarball: https://registry.npmmirror.com/fastq/-/fastq-1.13.0.tgz}
    name: fastq
    version: 1.13.0
    dependencies:
      reusify: registry.npmmirror.com/reusify/1.0.4
    dev: true

  registry.npmmirror.com/fill-range/7.0.1:
    resolution: {integrity: sha512-qOo9F+dMUmC2Lcb4BbVvnKJxTPjCm+RRpe4gDuGrzkL7mEVl/djYSu2OdQ2Pa302N4oqkSg9ir6jaLWJ2USVpQ==, registry: https://registry.npm.taobao.org/, tarball: https://registry.npmmirror.com/fill-range/-/fill-range-7.0.1.tgz}
    name: fill-range
    version: 7.0.1
    engines: {node: '>=8'}
    dependencies:
      to-regex-range: registry.npmmirror.com/to-regex-range/5.0.1
    dev: true

  registry.npmmirror.com/glob-parent/5.1.2:
    resolution: {integrity: sha512-AOIgSQCepiJYwP3ARnGx+5VnTu2HBYdzbGP45eLw1vr3zB3vZLeyed1sC9hnbcOc9/SrMyM5RPQrkGz4aS9Zow==, registry: https://registry.npm.taobao.org/, tarball: https://registry.npmmirror.com/glob-parent/-/glob-parent-5.1.2.tgz}
    name: glob-parent
    version: 5.1.2
    engines: {node: '>= 6'}
    dependencies:
      is-glob: registry.npmmirror.com/is-glob/4.0.3
    dev: true

  registry.npmmirror.com/is-extglob/2.1.1:
    resolution: {integrity: sha512-SbKbANkN603Vi4jEZv49LeVJMn4yGwsbzZworEoyEiutsN3nJYdbO36zfhGJ6QEDpOZIFkDtnq5JRxmvl3jsoQ==, registry: https://registry.npm.taobao.org/, tarball: https://registry.npmmirror.com/is-extglob/-/is-extglob-2.1.1.tgz}
    name: is-extglob
    version: 2.1.1
    engines: {node: '>=0.10.0'}
    dev: true

  registry.npmmirror.com/is-glob/4.0.3:
    resolution: {integrity: sha512-xelSayHH36ZgE7ZWhli7pW34hNbNl8Ojv5KVmkJD4hBdD3th8Tfk9vYasLM+mXWOZhFkgZfxhLSnrwRr4elSSg==, registry: https://registry.npm.taobao.org/, tarball: https://registry.npmmirror.com/is-glob/-/is-glob-4.0.3.tgz}
    name: is-glob
    version: 4.0.3
    engines: {node: '>=0.10.0'}
    dependencies:
      is-extglob: registry.npmmirror.com/is-extglob/2.1.1
    dev: true

  registry.npmmirror.com/is-number/7.0.0:
    resolution: {integrity: sha512-41Cifkg6e8TylSpdtTpeLVMqvSBEVzTttHvERD741+pnZ8ANv0004MRL43QKPDlK9cGvNp6NZWZUBlbGXYxxng==, registry: https://registry.npm.taobao.org/, tarball: https://registry.npmmirror.com/is-number/-/is-number-7.0.0.tgz}
    name: is-number
    version: 7.0.0
    engines: {node: '>=0.12.0'}
    dev: true

  registry.npmmirror.com/js-tokens/4.0.0:
    resolution: {integrity: sha512-RdJUflcE3cUzKiMqQgsCu06FPu9UdIJO0beYbPhHN4k6apgJtifcoCtT9bcxOpYBtpD2kCM6Sbzg4CausW/PKQ==, registry: https://registry.npm.taobao.org/, tarball: https://registry.npmmirror.com/js-tokens/-/js-tokens-4.0.0.tgz}
    name: js-tokens
    version: 4.0.0
    dev: false

  registry.npmmirror.com/loose-envify/1.4.0:
    resolution: {integrity: sha512-lyuxPGr/Wfhrlem2CL/UcnUc1zcqKAImBDzukY7Y5F/yQiNdko6+fRLevlw1HgMySw7f611UIY408EtxRSoK3Q==, registry: https://registry.npm.taobao.org/, tarball: https://registry.npmmirror.com/loose-envify/-/loose-envify-1.4.0.tgz}
    name: loose-envify
    version: 1.4.0
    hasBin: true
    dependencies:
      js-tokens: registry.npmmirror.com/js-tokens/4.0.0
    dev: false

  registry.npmmirror.com/merge2/1.4.1:
    resolution: {integrity: sha512-8q7VEgMJW4J8tcfVPy8g09NcQwZdbwFEqhe/WZkoIzjn/3TGDwtOCYtXGxA3O8tPzpczCCDgv+P2P5y00ZJOOg==, registry: https://registry.npm.taobao.org/, tarball: https://registry.npmmirror.com/merge2/-/merge2-1.4.1.tgz}
    name: merge2
    version: 1.4.1
    engines: {node: '>= 8'}
    dev: true

  registry.npmmirror.com/micromatch/4.0.5:
    resolution: {integrity: sha512-DMy+ERcEW2q8Z2Po+WNXuw3c5YaUSFjAO5GsJqfEl7UjvtIuFKO6ZrKvcItdy98dwFI2N1tg3zNIdKaQT+aNdA==, registry: https://registry.npm.taobao.org/, tarball: https://registry.npmmirror.com/micromatch/-/micromatch-4.0.5.tgz}
    name: micromatch
    version: 4.0.5
    engines: {node: '>=8.6'}
    dependencies:
      braces: registry.npmmirror.com/braces/3.0.2
      picomatch: registry.npmmirror.com/picomatch/2.3.1
    dev: true

  registry.npmmirror.com/picomatch/2.3.1:
    resolution: {integrity: sha512-JU3teHTNjmE2VCGFzuY8EXzCDVwEqB2a8fsIvwaStHhAWJEeVd1o1QD80CU6+ZdEXXSLbSsuLwJjkCBWqRQUVA==, registry: https://registry.npm.taobao.org/, tarball: https://registry.npmmirror.com/picomatch/-/picomatch-2.3.1.tgz}
    name: picomatch
    version: 2.3.1
    engines: {node: '>=8.6'}
    dev: true

  registry.npmmirror.com/queue-microtask/1.2.3:
    resolution: {integrity: sha512-NuaNSa6flKT5JaSYQzJok04JzTL1CA6aGhv5rfLW3PgqA+M2ChpZQnAC8h8i4ZFkBS8X5RqkDBHA7r4hej3K9A==, registry: https://registry.npm.taobao.org/, tarball: https://registry.npmmirror.com/queue-microtask/-/queue-microtask-1.2.3.tgz}
    name: queue-microtask
    version: 1.2.3
    dev: true

  registry.npmmirror.com/react/18.2.0:
    resolution: {integrity: sha512-/3IjMdb2L9QbBdWiW5e3P2/npwMBaU9mHCSCUzNln0ZCYbcfTsGbTJrU/kGemdH2IWmB2ioZ+zkxtmq6g09fGQ==, registry: https://registry.npm.taobao.org/, tarball: https://registry.npmmirror.com/react/-/react-18.2.0.tgz}
    name: react
    version: 18.2.0
    engines: {node: '>=0.10.0'}
    dependencies:
      loose-envify: registry.npmmirror.com/loose-envify/1.4.0
    dev: false

  registry.npmmirror.com/reusify/1.0.4:
    resolution: {integrity: sha512-U9nH88a3fc/ekCF1l0/UP1IosiuIjyTh7hBvXVMHYgVcfGvt897Xguj2UOLDeI5BG2m7/uwyaLVT6fbtCwTyzw==, registry: https://registry.npm.taobao.org/, tarball: https://registry.npmmirror.com/reusify/-/reusify-1.0.4.tgz}
    name: reusify
    version: 1.0.4
    engines: {iojs: '>=1.0.0', node: '>=0.10.0'}
    dev: true

  registry.npmmirror.com/run-parallel/1.2.0:
    resolution: {integrity: sha512-5l4VyZR86LZ/lDxZTR6jqL8AFE2S0IFLMP26AbjsLVADxHdhB/c0GUsH+y39UfCi3dzz8OlQuPmnaJOMoDHQBA==, registry: https://registry.npm.taobao.org/, tarball: https://registry.npmmirror.com/run-parallel/-/run-parallel-1.2.0.tgz}
    name: run-parallel
    version: 1.2.0
    dependencies:
      queue-microtask: registry.npmmirror.com/queue-microtask/1.2.3
    dev: true

  registry.npmmirror.com/slash/3.0.0:
    resolution: {integrity: sha512-g9Q1haeby36OSStwb4ntCGGGaKsaVSjQ68fBxoQcutl5fS1vuY18H3wSt3jFyFtrkx+Kz0V1G85A4MyAdDMi2Q==, registry: https://registry.npm.taobao.org/, tarball: https://registry.npmmirror.com/slash/-/slash-3.0.0.tgz}
    name: slash
    version: 3.0.0
    engines: {node: '>=8'}
    dev: true

  registry.npmmirror.com/source-map/0.7.4:
    resolution: {integrity: sha512-l3BikUxvPOcn5E74dZiq5BGsTb5yEwhaTSzccU6t4sDOH8NWJCstKO5QT2CvtFoK6F0saL7p9xHAqHOlCPJygA==, registry: https://registry.npm.taobao.org/, tarball: https://registry.npmmirror.com/source-map/-/source-map-0.7.4.tgz}
    name: source-map
    version: 0.7.4
    engines: {node: '>= 8'}
    dev: true

  registry.npmmirror.com/to-regex-range/5.0.1:
    resolution: {integrity: sha512-65P7iz6X5yEr1cwcgvQxbbIw7Uk3gOy5dIdtZ4rDveLqhrdJP+Li/Hx6tyK0NEb+2GCyneCMJiGqrADCSNk8sQ==, registry: https://registry.npm.taobao.org/, tarball: https://registry.npmmirror.com/to-regex-range/-/to-regex-range-5.0.1.tgz}
    name: to-regex-range
    version: 5.0.1
    engines: {node: '>=8.0'}
    dependencies:
      is-number: registry.npmmirror.com/is-number/7.0.0
    dev: true

  registry.npmmirror.com/tslib/2.4.0:
    resolution: {integrity: sha512-d6xOpEDfsi2CZVlPQzGeux8XMwLT9hssAsaPYExaQMuYskwb+x1x7J371tWlbBdWHroy99KnVB6qIkUbs5X3UQ==, registry: https://registry.npm.taobao.org/, tarball: https://registry.npmmirror.com/tslib/-/tslib-2.4.0.tgz}
    name: tslib
    version: 2.4.0
    dev: true
